{
  "object": {
    "pins": [
      {
        "package": "CardScan",
        "repositoryURL": "https://github.com/getbouncer/cardscan-ios.git",
        "state": {
          "branch": null,
          "revision": "84e7d1e7805675274edd85bc786b2dd1e4d864e0",
          "version": "2.0.9"
        }
      }
    ]
  },
  "version": 1
}
